// !$*UTF8*$!
{
	archiveVersion = 1;
	classes = {
	};
	objectVersion = 56;
	objects = {

/* Begin PBXBuildFile section */
		900142AE290B6BE000CA3ED3 /* PlayerViewModel.swift in Sources */ = {isa = PBXBuildFile; fileRef = 900142AD290B6BE000CA3ED3 /* PlayerViewModel.swift */; };
		909A4C9928ED884E00EA0E19 /* motbuoc.mp3 in Resources */ = {isa = PBXBuildFile; fileRef = 909A4C9828ED884E00EA0E19 /* motbuoc.mp3 */; };
		909A4C9B28ED886800EA0E19 /* daydut.mp3 in Resources */ = {isa = PBXBuildFile; fileRef = 909A4C9A28ED886800EA0E19 /* daydut.mp3 */; };
		90CA841A28E58041008208D9 /* AppDelegate.swift in Sources */ = {isa = PBXBuildFile; fileRef = 90CA841928E58041008208D9 /* AppDelegate.swift */; };
		90CA841C28E58041008208D9 /* SceneDelegate.swift in Sources */ = {isa = PBXBuildFile; fileRef = 90CA841B28E58041008208D9 /* SceneDelegate.swift */; };
		90CA841E28E58041008208D9 /* DetailViewController.swift in Sources */ = {isa = PBXBuildFile; fileRef = 90CA841D28E58041008208D9 /* DetailViewController.swift */; };
		90CA842128E58041008208D9 /* Main.storyboard in Resources */ = {isa = PBXBuildFile; fileRef = 90CA841F28E58041008208D9 /* Main.storyboard */; };
		90CA842328E58042008208D9 /* Assets.xcassets in Resources */ = {isa = PBXBuildFile; fileRef = 90CA842228E58042008208D9 /* Assets.xcassets */; };
		90CA842628E58042008208D9 /* LaunchScreen.storyboard in Resources */ = {isa = PBXBuildFile; fileRef = 90CA842428E58042008208D9 /* LaunchScreen.storyboard */; };
		90EC3E4B28ED604400E25DD2 /* PlaylistViewController.swift in Sources */ = {isa = PBXBuildFile; fileRef = 90EC3E4A28ED604400E25DD2 /* PlaylistViewController.swift */; };
		90EC3E4D28ED62DC00E25DD2 /* DataMusic.swift in Sources */ = {isa = PBXBuildFile; fileRef = 90EC3E4C28ED62DC00E25DD2 /* DataMusic.swift */; };
		90EC3E4F28ED62F800E25DD2 /* MusicModel.swift in Sources */ = {isa = PBXBuildFile; fileRef = 90EC3E4E28ED62F800E25DD2 /* MusicModel.swift */; };
		90EC3E5128ED638E00E25DD2 /* MusicItemTableViewCell.swift in Sources */ = {isa = PBXBuildFile; fileRef = 90EC3E5028ED638E00E25DD2 /* MusicItemTableViewCell.swift */; };
		90EC3E5428ED6BD900E25DD2 /* lancuoi.mp3 in Resources */ = {isa = PBXBuildFile; fileRef = 90EC3E5328ED6BD900E25DD2 /* lancuoi.mp3 */; };
/* End PBXBuildFile section */

/* Begin PBXContainerItemProxy section */
		90CA842D28E58042008208D9 /* PBXContainerItemProxy */ = {
			isa = PBXContainerItemProxy;
			containerPortal = 90CA840E28E58041008208D9 /* Project object */;
			proxyType = 1;
			remoteGlobalIDString = 90CA841528E58041008208D9;
			remoteInfo = AppMusic;
		};
		90CA843728E58042008208D9 /* PBXContainerItemProxy */ = {
			isa = PBXContainerItemProxy;
			containerPortal = 90CA840E28E58041008208D9 /* Project object */;
			proxyType = 1;
			remoteGlobalIDString = 90CA841528E58041008208D9;
			remoteInfo = AppMusic;
		};
/* End PBXContainerItemProxy section */

/* Begin PBXFileReference section */
		900142AD290B6BE000CA3ED3 /* PlayerViewModel.swift */ = {isa = PBXFileReference; lastKnownFileType = sourcecode.swift; path = PlayerViewModel.swift; sourceTree = "<group>"; };
		909A4C9828ED884E00EA0E19 /* motbuoc.mp3 */ = {isa = PBXFileReference; lastKnownFileType = audio.mp3; name = motbuoc.mp3; path = ../../../Downloads/motbuoc.mp3; sourceTree = "<group>"; };
		909A4C9A28ED886800EA0E19 /* daydut.mp3 */ = {isa = PBXFileReference; lastKnownFileType = audio.mp3; name = daydut.mp3; path = ../../../Downloads/daydut.mp3; sourceTree = "<group>"; };
		90CA841628E58041008208D9 /* AppMusic.app */ = {isa = PBXFileReference; explicitFileType = wrapper.application; includeInIndex = 0; path = AppMusic.app; sourceTree = BUILT_PRODUCTS_DIR; };
		90CA841928E58041008208D9 /* AppDelegate.swift */ = {isa = PBXFileReference; lastKnownFileType = sourcecode.swift; path = AppDelegate.swift; sourceTree = "<group>"; };
		90CA841B28E58041008208D9 /* SceneDelegate.swift */ = {isa = PBXFileReference; lastKnownFileType = sourcecode.swift; path = SceneDelegate.swift; sourceTree = "<group>"; };
		90CA841D28E58041008208D9 /* DetailViewController.swift */ = {isa = PBXFileReference; lastKnownFileType = sourcecode.swift; path = DetailViewController.swift; sourceTree = "<group>"; };
		90CA842028E58041008208D9 /* Base */ = {isa = PBXFileReference; lastKnownFileType = file.storyboard; name = Base; path = Base.lproj/Main.storyboard; sourceTree = "<group>"; };
		90CA842228E58042008208D9 /* Assets.xcassets */ = {isa = PBXFileReference; lastKnownFileType = folder.assetcatalog; path = Assets.xcassets; sourceTree = "<group>"; };
		90CA842528E58042008208D9 /* Base */ = {isa = PBXFileReference; lastKnownFileType = file.storyboard; name = Base; path = Base.lproj/LaunchScreen.storyboard; sourceTree = "<group>"; };
		90CA842728E58042008208D9 /* Info.plist */ = {isa = PBXFileReference; lastKnownFileType = text.plist.xml; path = Info.plist; sourceTree = "<group>"; };
		90CA842C28E58042008208D9 /* AppMusicTests.xctest */ = {isa = PBXFileReference; explicitFileType = wrapper.cfbundle; includeInIndex = 0; path = AppMusicTests.xctest; sourceTree = BUILT_PRODUCTS_DIR; };
		90CA843628E58042008208D9 /* AppMusicUITests.xctest */ = {isa = PBXFileReference; explicitFileType = wrapper.cfbundle; includeInIndex = 0; path = AppMusicUITests.xctest; sourceTree = BUILT_PRODUCTS_DIR; };
		90EC3E4A28ED604400E25DD2 /* PlaylistViewController.swift */ = {isa = PBXFileReference; lastKnownFileType = sourcecode.swift; path = PlaylistViewController.swift; sourceTree = "<group>"; };
		90EC3E4C28ED62DC00E25DD2 /* DataMusic.swift */ = {isa = PBXFileReference; lastKnownFileType = sourcecode.swift; path = DataMusic.swift; sourceTree = "<group>"; };
		90EC3E4E28ED62F800E25DD2 /* MusicModel.swift */ = {isa = PBXFileReference; lastKnownFileType = sourcecode.swift; path = MusicModel.swift; sourceTree = "<group>"; };
		90EC3E5028ED638E00E25DD2 /* MusicItemTableViewCell.swift */ = {isa = PBXFileReference; lastKnownFileType = sourcecode.swift; path = MusicItemTableViewCell.swift; sourceTree = "<group>"; };
		90EC3E5328ED6BD900E25DD2 /* lancuoi.mp3 */ = {isa = PBXFileReference; lastKnownFileType = audio.mp3; name = lancuoi.mp3; path = ../../../Downloads/lancuoi.mp3; sourceTree = "<group>"; };
/* End PBXFileReference section */

/* Begin PBXFrameworksBuildPhase section */
		90CA841328E58041008208D9 /* Frameworks */ = {
			isa = PBXFrameworksBuildPhase;
			buildActionMask = 2147483647;
			files = (
			);
			runOnlyForDeploymentPostprocessing = 0;
		};
		90CA842928E58042008208D9 /* Frameworks */ = {
			isa = PBXFrameworksBuildPhase;
			buildActionMask = 2147483647;
			files = (
			);
			runOnlyForDeploymentPostprocessing = 0;
		};
		90CA843328E58042008208D9 /* Frameworks */ = {
			isa = PBXFrameworksBuildPhase;
			buildActionMask = 2147483647;
			files = (
			);
			runOnlyForDeploymentPostprocessing = 0;
		};
/* End PBXFrameworksBuildPhase section */

/* Begin PBXGroup section */
		900142AC290B6BCF00CA3ED3 /* ViewModel */ = {
			isa = PBXGroup;
			children = (
				900142AD290B6BE000CA3ED3 /* PlayerViewModel.swift */,
			);
			path = ViewModel;
			sourceTree = "<group>";
		};
		909A4C9E28ED8B0C00EA0E19 /* Resources */ = {
			isa = PBXGroup;
			children = (
				90CA842228E58042008208D9 /* Assets.xcassets */,
				90CA841B28E58041008208D9 /* SceneDelegate.swift */,
				90CA841928E58041008208D9 /* AppDelegate.swift */,
			);
			path = Resources;
			sourceTree = "<group>";
		};
		909A4C9F28ED8BA200EA0E19 /* Sources */ = {
			isa = PBXGroup;
			children = (
				900142AC290B6BCF00CA3ED3 /* ViewModel */,
				909A4CA228ED8BB700EA0E19 /* DataMusic */,
				909A4CA028ED8BAA00EA0E19 /* Data */,
			);
			path = Sources;
			sourceTree = "<group>";
		};
		909A4CA028ED8BAA00EA0E19 /* Data */ = {
			isa = PBXGroup;
			children = (
				909A4CA128ED8BAF00EA0E19 /* Models */,
			);
			path = Data;
			sourceTree = "<group>";
		};
		909A4CA128ED8BAF00EA0E19 /* Models */ = {
			isa = PBXGroup;
			children = (
				90EC3E4E28ED62F800E25DD2 /* MusicModel.swift */,
			);
			path = Models;
			sourceTree = "<group>";
		};
		909A4CA228ED8BB700EA0E19 /* DataMusic */ = {
			isa = PBXGroup;
			children = (
				90EC3E4C28ED62DC00E25DD2 /* DataMusic.swift */,
			);
			path = DataMusic;
			sourceTree = "<group>";
		};
		909A4CA328ED8BDE00EA0E19 /* Scene */ = {
			isa = PBXGroup;
			children = (
				90CA841F28E58041008208D9 /* Main.storyboard */,
				90CA841D28E58041008208D9 /* DetailViewController.swift */,
				90EC3E4A28ED604400E25DD2 /* PlaylistViewController.swift */,
				90EC3E5028ED638E00E25DD2 /* MusicItemTableViewCell.swift */,
				90CA842428E58042008208D9 /* LaunchScreen.storyboard */,
			);
			path = Scene;
			sourceTree = "<group>";
		};
		90CA840D28E58041008208D9 = {
			isa = PBXGroup;
			children = (
				90CA841828E58041008208D9 /* AppMusic */,
				90CA841728E58041008208D9 /* Products */,
			);
			sourceTree = "<group>";
		};
		90CA841728E58041008208D9 /* Products */ = {
			isa = PBXGroup;
			children = (
				90CA841628E58041008208D9 /* AppMusic.app */,
				90CA842C28E58042008208D9 /* AppMusicTests.xctest */,
				90CA843628E58042008208D9 /* AppMusicUITests.xctest */,
			);
			name = Products;
			sourceTree = "<group>";
		};
		90CA841828E58041008208D9 /* AppMusic */ = {
			isa = PBXGroup;
			children = (
				909A4CA328ED8BDE00EA0E19 /* Scene */,
				909A4C9F28ED8BA200EA0E19 /* Sources */,
				909A4C9E28ED8B0C00EA0E19 /* Resources */,
				90EC3E5228ED6BCD00E25DD2 /* Sounds */,
				90CA842728E58042008208D9 /* Info.plist */,
			);
			path = AppMusic;
			sourceTree = "<group>";
		};
		90EC3E5228ED6BCD00E25DD2 /* Sounds */ = {
			isa = PBXGroup;
			children = (
				909A4C9828ED884E00EA0E19 /* motbuoc.mp3 */,
				909A4C9A28ED886800EA0E19 /* daydut.mp3 */,
				90EC3E5328ED6BD900E25DD2 /* lancuoi.mp3 */,
			);
			path = Sounds;
			sourceTree = "<group>";
		};
/* End PBXGroup section */

/* Begin PBXNativeTarget section */
		90CA841528E58041008208D9 /* AppMusic */ = {
			isa = PBXNativeTarget;
			buildConfigurationList = 90CA844028E58042008208D9 /* Build configuration list for PBXNativeTarget "AppMusic" */;
			buildPhases = (
				90CA841228E58041008208D9 /* Sources */,
				90CA841328E58041008208D9 /* Frameworks */,
				90CA841428E58041008208D9 /* Resources */,
			);
			buildRules = (
			);
			dependencies = (
			);
			name = AppMusic;
			productName = AppMusic;
			productReference = 90CA841628E58041008208D9 /* AppMusic.app */;
			productType = "com.apple.product-type.application";
		};
		90CA842B28E58042008208D9 /* AppMusicTests */ = {
			isa = PBXNativeTarget;
			buildConfigurationList = 90CA844328E58042008208D9 /* Build configuration list for PBXNativeTarget "AppMusicTests" */;
			buildPhases = (
				90CA842828E58042008208D9 /* Sources */,
				90CA842928E58042008208D9 /* Frameworks */,
				90CA842A28E58042008208D9 /* Resources */,
			);
			buildRules = (
			);
			dependencies = (
				90CA842E28E58042008208D9 /* PBXTargetDependency */,
			);
			name = AppMusicTests;
			productName = AppMusicTests;
			productReference = 90CA842C28E58042008208D9 /* AppMusicTests.xctest */;
			productType = "com.apple.product-type.bundle.unit-test";
		};
		90CA843528E58042008208D9 /* AppMusicUITests */ = {
			isa = PBXNativeTarget;
			buildConfigurationList = 90CA844628E58042008208D9 /* Build configuration list for PBXNativeTarget "AppMusicUITests" */;
			buildPhases = (
				90CA843228E58042008208D9 /* Sources */,
				90CA843328E58042008208D9 /* Frameworks */,
				90CA843428E58042008208D9 /* Resources */,
			);
			buildRules = (
			);
			dependencies = (
				90CA843828E58042008208D9 /* PBXTargetDependency */,
			);
			name = AppMusicUITests;
			productName = AppMusicUITests;
			productReference = 90CA843628E58042008208D9 /* AppMusicUITests.xctest */;
			productType = "com.apple.product-type.bundle.ui-testing";
		};
/* End PBXNativeTarget section */

/* Begin PBXProject section */
		90CA840E28E58041008208D9 /* Project object */ = {
			isa = PBXProject;
			attributes = {
				BuildIndependentTargetsInParallel = 1;
				LastSwiftUpdateCheck = 1400;
				LastUpgradeCheck = 1400;
				TargetAttributes = {
					90CA841528E58041008208D9 = {
						CreatedOnToolsVersion = 14.0;
					};
					90CA842B28E58042008208D9 = {
						CreatedOnToolsVersion = 14.0;
						TestTargetID = 90CA841528E58041008208D9;
					};
					90CA843528E58042008208D9 = {
						CreatedOnToolsVersion = 14.0;
						TestTargetID = 90CA841528E58041008208D9;
					};
				};
			};
			buildConfigurationList = 90CA841128E58041008208D9 /* Build configuration list for PBXProject "AppMusic" */;
			compatibilityVersion = "Xcode 14.0";
			developmentRegion = en;
			hasScannedForEncodings = 0;
			knownRegions = (
				en,
				Base,
			);
			mainGroup = 90CA840D28E58041008208D9;
			productRefGroup = 90CA841728E58041008208D9 /* Products */;
			projectDirPath = "";
			projectRoot = "";
			targets = (
				90CA841528E58041008208D9 /* AppMusic */,
				90CA842B28E58042008208D9 /* AppMusicTests */,
				90CA843528E58042008208D9 /* AppMusicUITests */,
			);
		};
/* End PBXProject section */

/* Begin PBXResourcesBuildPhase section */
		90CA841428E58041008208D9 /* Resources */ = {
			isa = PBXResourcesBuildPhase;
			buildActionMask = 2147483647;
			files = (
				90EC3E5428ED6BD900E25DD2 /* lancuoi.mp3 in Resources */,
				909A4C9928ED884E00EA0E19 /* motbuoc.mp3 in Resources */,
				90CA842628E58042008208D9 /* LaunchScreen.storyboard in Resources */,
				909A4C9B28ED886800EA0E19 /* daydut.mp3 in Resources */,
				90CA842328E58042008208D9 /* Assets.xcassets in Resources */,
				90CA842128E58041008208D9 /* Main.storyboard in Resources */,
			);
			runOnlyForDeploymentPostprocessing = 0;
		};
		90CA842A28E58042008208D9 /* Resources */ = {
			isa = PBXResourcesBuildPhase;
			buildActionMask = 2147483647;
			files = (
			);
			runOnlyForDeploymentPostprocessing = 0;
		};
		90CA843428E58042008208D9 /* Resources */ = {
			isa = PBXResourcesBuildPhase;
			buildActionMask = 2147483647;
			files = (
			);
			runOnlyForDeploymentPostprocessing = 0;
		};
/* End PBXResourcesBuildPhase section */

/* Begin PBXSourcesBuildPhase section */
		90CA841228E58041008208D9 /* Sources */ = {
			isa = PBXSourcesBuildPhase;
			buildActionMask = 2147483647;
			files = (
				90EC3E4D28ED62DC00E25DD2 /* DataMusic.swift in Sources */,
				900142AE290B6BE000CA3ED3 /* PlayerViewModel.swift in Sources */,
				90EC3E4B28ED604400E25DD2 /* PlaylistViewController.swift in Sources */,
				90CA841E28E58041008208D9 /* DetailViewController.swift in Sources */,
				90CA841A28E58041008208D9 /* AppDelegate.swift in Sources */,
				90CA841C28E58041008208D9 /* SceneDelegate.swift in Sources */,
				90EC3E4F28ED62F800E25DD2 /* MusicModel.swift in Sources */,
				90EC3E5128ED638E00E25DD2 /* MusicItemTableViewCell.swift in Sources */,
			);
			runOnlyForDeploymentPostprocessing = 0;
		};
		90CA842828E58042008208D9 /* Sources */ = {
			isa = PBXSourcesBuildPhase;
			buildActionMask = 2147483647;
			files = (
			);
			runOnlyForDeploymentPostprocessing = 0;
		};
		90CA843228E58042008208D9 /* Sources */ = {
			isa = PBXSourcesBuildPhase;
			buildActionMask = 2147483647;
			files = (
			);
			runOnlyForDeploymentPostprocessing = 0;
		};
/* End PBXSourcesBuildPhase section */

/* Begin PBXTargetDependency section */
		90CA842E28E58042008208D9 /* PBXTargetDependency */ = {
			isa = PBXTargetDependency;
			target = 90CA841528E58041008208D9 /* AppMusic */;
			targetProxy = 90CA842D28E58042008208D9 /* PBXContainerItemProxy */;
		};
		90CA843828E58042008208D9 /* PBXTargetDependency */ = {
			isa = PBXTargetDependency;
			target = 90CA841528E58041008208D9 /* AppMusic */;
			targetProxy = 90CA843728E58042008208D9 /* PBXContainerItemProxy */;
		};
/* End PBXTargetDependency section */

/* Begin PBXVariantGroup section */
		90CA841F28E58041008208D9 /* Main.storyboard */ = {
			isa = PBXVariantGroup;
			children = (
				90CA842028E58041008208D9 /* Base */,
			);
			name = Main.storyboard;
			sourceTree = "<group>";
		};
		90CA842428E58042008208D9 /* LaunchScreen.storyboard */ = {
			isa = PBXVariantGroup;
			children = (
				90CA842528E58042008208D9 /* Base */,
			);
			name = LaunchScreen.storyboard;
			sourceTree = "<group>";
		};
/* End PBXVariantGroup section */

/* Begin XCBuildConfiguration section */
		90CA843E28E58042008208D9 /* Debug */ = {
			isa = XCBuildConfiguration;
			buildSettings = {
				ALWAYS_SEARCH_USER_PATHS = NO;
				CLANG_ANALYZER_NONNULL = YES;
				CLANG_ANALYZER_NUMBER_OBJECT_CONVERSION = YES_AGGRESSIVE;
				CLANG_CXX_LANGUAGE_STANDARD = "gnu++20";
				CLANG_ENABLE_MODULES = YES;
				CLANG_ENABLE_OBJC_ARC = YES;
				CLANG_ENABLE_OBJC_WEAK = YES;
				CLANG_WARN_BLOCK_CAPTURE_AUTORELEASING = YES;
				CLANG_WARN_BOOL_CONVERSION = YES;
				CLANG_WARN_COMMA = YES;
				CLANG_WARN_CONSTANT_CONVERSION = YES;
				CLANG_WARN_DEPRECATED_OBJC_IMPLEMENTATIONS = YES;
				CLANG_WARN_DIRECT_OBJC_ISA_USAGE = YES_ERROR;
				CLANG_WARN_DOCUMENTATION_COMMENTS = YES;
				CLANG_WARN_EMPTY_BODY = YES;
				CLANG_WARN_ENUM_CONVERSION = YES;
				CLANG_WARN_INFINITE_RECURSION = YES;
				CLANG_WARN_INT_CONVERSION = YES;
				CLANG_WARN_NON_LITERAL_NULL_CONVERSION = YES;
				CLANG_WARN_OBJC_IMPLICIT_RETAIN_SELF = YES;
				CLANG_WARN_OBJC_LITERAL_CONVERSION = YES;
				CLANG_WARN_OBJC_ROOT_CLASS = YES_ERROR;
				CLANG_WARN_QUOTED_INCLUDE_IN_FRAMEWORK_HEADER = YES;
				CLANG_WARN_RANGE_LOOP_ANALYSIS = YES;
				CLANG_WARN_STRICT_PROTOTYPES = YES;
				CLANG_WARN_SUSPICIOUS_MOVE = YES;
				CLANG_WARN_UNGUARDED_AVAILABILITY = YES_AGGRESSIVE;
				CLANG_WARN_UNREACHABLE_CODE = YES;
				CLANG_WARN__DUPLICATE_METHOD_MATCH = YES;
				COPY_PHASE_STRIP = NO;
				DEBUG_INFORMATION_FORMAT = dwarf;
				ENABLE_STRICT_OBJC_MSGSEND = YES;
				ENABLE_TESTABILITY = YES;
				GCC_C_LANGUAGE_STANDARD = gnu11;
				GCC_DYNAMIC_NO_PIC = NO;
				GCC_NO_COMMON_BLOCKS = YES;
				GCC_OPTIMIZATION_LEVEL = 0;
				GCC_PREPROCESSOR_DEFINITIONS = (
					"DEBUG=1",
					"$(inherited)",
				);
				GCC_WARN_64_TO_32_BIT_CONVERSION = YES;
				GCC_WARN_ABOUT_RETURN_TYPE = YES_ERROR;
				GCC_WARN_UNDECLARED_SELECTOR = YES;
				GCC_WARN_UNINITIALIZED_AUTOS = YES_AGGRESSIVE;
				GCC_WARN_UNUSED_FUNCTION = YES;
				GCC_WARN_UNUSED_VARIABLE = YES;
				IPHONEOS_DEPLOYMENT_TARGET = 15.4;
				MTL_ENABLE_DEBUG_INFO = INCLUDE_SOURCE;
				MTL_FAST_MATH = YES;
				ONLY_ACTIVE_ARCH = YES;
				SDKROOT = iphoneos;
				SWIFT_ACTIVE_COMPILATION_CONDITIONS = DEBUG;
				SWIFT_OPTIMIZATION_LEVEL = "-Onone";
			};
			name = Debug;
		};
		90CA843F28E58042008208D9 /* Release */ = {
			isa = XCBuildConfiguration;
			buildSettings = {
				ALWAYS_SEARCH_USER_PATHS = NO;
				CLANG_ANALYZER_NONNULL = YES;
				CLANG_ANALYZER_NUMBER_OBJECT_CONVERSION = YES_AGGRESSIVE;
				CLANG_CXX_LANGUAGE_STANDARD = "gnu++20";
				CLANG_ENABLE_MODULES = YES;
				CLANG_ENABLE_OBJC_ARC = YES;
				CLANG_ENABLE_OBJC_WEAK = YES;
				CLANG_WARN_BLOCK_CAPTURE_AUTORELEASING = YES;
				CLANG_WARN_BOOL_CONVERSION = YES;
				CLANG_WARN_COMMA = YES;
				CLANG_WARN_CONSTANT_CONVERSION = YES;
				CLANG_WARN_DEPRECATED_OBJC_IMPLEMENTATIONS = YES;
				CLANG_WARN_DIRECT_OBJC_ISA_USAGE = YES_ERROR;
				CLANG_WARN_DOCUMENTATION_COMMENTS = YES;
				CLANG_WARN_EMPTY_BODY = YES;
				CLANG_WARN_ENUM_CONVERSION = YES;
				CLANG_WARN_INFINITE_RECURSION = YES;
				CLANG_WARN_INT_CONVERSION = YES;
				CLANG_WARN_NON_LITERAL_NULL_CONVERSION = YES;
				CLANG_WARN_OBJC_IMPLICIT_RETAIN_SELF = YES;
				CLANG_WARN_OBJC_LITERAL_CONVERSION = YES;
				CLANG_WARN_OBJC_ROOT_CLASS = YES_ERROR;
				CLANG_WARN_QUOTED_INCLUDE_IN_FRAMEWORK_HEADER = YES;
				CLANG_WARN_RANGE_LOOP_ANALYSIS = YES;
				CLANG_WARN_STRICT_PROTOTYPES = YES;
				CLANG_WARN_SUSPICIOUS_MOVE = YES;
				CLANG_WARN_UNGUARDED_AVAILABILITY = YES_AGGRESSIVE;
				CLANG_WARN_UNREACHABLE_CODE = YES;
				CLANG_WARN__DUPLICATE_METHOD_MATCH = YES;
				COPY_PHASE_STRIP = NO;
				DEBUG_INFORMATION_FORMAT = "dwarf-with-dsym";
				ENABLE_NS_ASSERTIONS = NO;
				ENABLE_STRICT_OBJC_MSGSEND = YES;
				GCC_C_LANGUAGE_STANDARD = gnu11;
				GCC_NO_COMMON_BLOCKS = YES;
				GCC_WARN_64_TO_32_BIT_CONVERSION = YES;
				GCC_WARN_ABOUT_RETURN_TYPE = YES_ERROR;
				GCC_WARN_UNDECLARED_SELECTOR = YES;
				GCC_WARN_UNINITIALIZED_AUTOS = YES_AGGRESSIVE;
				GCC_WARN_UNUSED_FUNCTION = YES;
				GCC_WARN_UNUSED_VARIABLE = YES;
				IPHONEOS_DEPLOYMENT_TARGET = 15.4;
				MTL_ENABLE_DEBUG_INFO = NO;
				MTL_FAST_MATH = YES;
				SDKROOT = iphoneos;
				SWIFT_COMPILATION_MODE = wholemodule;
				SWIFT_OPTIMIZATION_LEVEL = "-O";
				VALIDATE_PRODUCT = YES;
			};
			name = Release;
		};
		90CA844128E58042008208D9 /* Debug */ = {
			isa = XCBuildConfiguration;
			buildSettings = {
				ASSETCATALOG_COMPILER_APPICON_NAME = AppIcon;
				ASSETCATALOG_COMPILER_GLOBAL_ACCENT_COLOR_NAME = AccentColor;
				CODE_SIGN_STYLE = Automatic;
				CURRENT_PROJECT_VERSION = 1;
				DEVELOPMENT_TEAM = 4946RK2ZAP;
				GENERATE_INFOPLIST_FILE = YES;
				INFOPLIST_FILE = AppMusic/Info.plist;
				INFOPLIST_KEY_UIApplicationSupportsIndirectInputEvents = YES;
				INFOPLIST_KEY_UILaunchStoryboardName = LaunchScreen;
				INFOPLIST_KEY_UIMainStoryboardFile = Main;
				INFOPLIST_KEY_UISupportedInterfaceOrientations_iPad = "UIInterfaceOrientationPortrait UIInterfaceOrientationPortraitUpsideDown UIInterfaceOrientationLandscapeLeft UIInterfaceOrientationLandscapeRight";
				INFOPLIST_KEY_UISupportedInterfaceOrientations_iPhone = "UIInterfaceOrientationPortrait UIInterfaceOrientationLandscapeLeft UIInterfaceOrientationLandscapeRight";
				LD_RUNPATH_SEARCH_PATHS = (
					"$(inherited)",
					"@executable_path/Frameworks",
				);
				MARKETING_VERSION = 1.0;
				PRODUCT_BUNDLE_IDENTIFIER = com.sun.AppMusic;
				PRODUCT_NAME = "$(TARGET_NAME)";
				SWIFT_EMIT_LOC_STRINGS = YES;
				SWIFT_VERSION = 5.0;
				TARGETED_DEVICE_FAMILY = "1,2";
			};
			name = Debug;
		};
		90CA844228E58042008208D9 /* Release */ = {
			isa = XCBuildConfiguration;
			buildSettings = {
				ASSETCATALOG_COMPILER_APPICON_NAME = AppIcon;
				ASSETCATALOG_COMPILER_GLOBAL_ACCENT_COLOR_NAME = AccentColor;
				CODE_SIGN_STYLE = Automatic;
				CURRENT_PROJECT_VERSION = 1;
				DEVELOPMENT_TEAM = 4946RK2ZAP;
				GENERATE_INFOPLIST_FILE = YES;
				INFOPLIST_FILE = AppMusic/Info.plist;
				INFOPLIST_KEY_UIApplicationSupportsIndirectInputEvents = YES;
				INFOPLIST_KEY_UILaunchStoryboardName = LaunchScreen;
				INFOPLIST_KEY_UIMainStoryboardFile = Main;
				INFOPLIST_KEY_UISupportedInterfaceOrientations_iPad = "UIInterfaceOrientationPortrait UIInterfaceOrientationPortraitUpsideDown UIInterfaceOrientationLandscapeLeft UIInterfaceOrientationLandscapeRight";
				INFOPLIST_KEY_UISupportedInterfaceOrientations_iPhone = "UIInterfaceOrientationPortrait UIInterfaceOrientationLandscapeLeft UIInterfaceOrientationLandscapeRight";
				LD_RUNPATH_SEARCH_PATHS = (
					"$(inherited)",
					"@executable_path/Frameworks",
				);
				MARKETING_VERSION = 1.0;
				PRODUCT_BUNDLE_IDENTIFIER = com.sun.AppMusic;
				PRODUCT_NAME = "$(TARGET_NAME)";
				SWIFT_EMIT_LOC_STRINGS = YES;
				SWIFT_VERSION = 5.0;
				TARGETED_DEVICE_FAMILY = "1,2";
			};
			name = Release;
		};
		90CA844428E58042008208D9 /* Debug */ = {
			isa = XCBuildConfiguration;
			buildSettings = {
				ALWAYS_EMBED_SWIFT_STANDARD_LIBRARIES = YES;
				BUNDLE_LOADER = "$(TEST_HOST)";
				CODE_SIGN_STYLE = Automatic;
				CURRENT_PROJECT_VERSION = 1;
				GENERATE_INFOPLIST_FILE = YES;
				IPHONEOS_DEPLOYMENT_TARGET = 16.0;
				MARKETING_VERSION = 1.0;
				PRODUCT_BUNDLE_IDENTIFIER = com.sun.AppMusicTests;
				PRODUCT_NAME = "$(TARGET_NAME)";
				SWIFT_EMIT_LOC_STRINGS = NO;
				SWIFT_VERSION = 5.0;
				TARGETED_DEVICE_FAMILY = "1,2";
				TEST_HOST = "$(BUILT_PRODUCTS_DIR)/AppMusic.app/$(BUNDLE_EXECUTABLE_FOLDER_PATH)/AppMusic";
			};
			name = Debug;
		};
		90CA844528E58042008208D9 /* Release */ = {
			isa = XCBuildConfiguration;
			buildSettings = {
				ALWAYS_EMBED_SWIFT_STANDARD_LIBRARIES = YES;
				BUNDLE_LOADER = "$(TEST_HOST)";
				CODE_SIGN_STYLE = Automatic;
				CURRENT_PROJECT_VERSION = 1;
				GENERATE_INFOPLIST_FILE = YES;
				IPHONEOS_DEPLOYMENT_TARGET = 16.0;
				MARKETING_VERSION = 1.0;
				PRODUCT_BUNDLE_IDENTIFIER = com.sun.AppMusicTests;
				PRODUCT_NAME = "$(TARGET_NAME)";
				SWIFT_EMIT_LOC_STRINGS = NO;
				SWIFT_VERSION = 5.0;
				TARGETED_DEVICE_FAMILY = "1,2";
				TEST_HOST = "$(BUILT_PRODUCTS_DIR)/AppMusic.app/$(BUNDLE_EXECUTABLE_FOLDER_PATH)/AppMusic";
			};
			name = Release;
		};
		90CA844728E58042008208D9 /* Debug */ = {
			isa = XCBuildConfiguration;
			buildSettings = {
				ALWAYS_EMBED_SWIFT_STANDARD_LIBRARIES = YES;
				CODE_SIGN_STYLE = Automatic;
				CURRENT_PROJECT_VERSION = 1;
				GENERATE_INFOPLIST_FILE = YES;
				MARKETING_VERSION = 1.0;
				PRODUCT_BUNDLE_IDENTIFIER = com.sun.AppMusicUITests;
				PRODUCT_NAME = "$(TARGET_NAME)";
				SWIFT_EMIT_LOC_STRINGS = NO;
				SWIFT_VERSION = 5.0;
				TARGETED_DEVICE_FAMILY = "1,2";
				TEST_TARGET_NAME = AppMusic;
			};
			name = Debug;
		};
		90CA844828E58042008208D9 /* Release */ = {
			isa = XCBuildConfiguration;
			buildSettings = {
				ALWAYS_EMBED_SWIFT_STANDARD_LIBRARIES = YES;
				CODE_SIGN_STYLE = Automatic;
				CURRENT_PROJECT_VERSION = 1;
				GENERATE_INFOPLIST_FILE = YES;
				MARKETING_VERSION = 1.0;
				PRODUCT_BUNDLE_IDENTIFIER = com.sun.AppMusicUITests;
				PRODUCT_NAME = "$(TARGET_NAME)";
				SWIFT_EMIT_LOC_STRINGS = NO;
				SWIFT_VERSION = 5.0;
				TARGETED_DEVICE_FAMILY = "1,2";
				TEST_TARGET_NAME = AppMusic;
			};
			name = Release;
		};
/* End XCBuildConfiguration section */

/* Begin XCConfigurationList section */
		90CA841128E58041008208D9 /* Build configuration list for PBXProject "AppMusic" */ = {
			isa = XCConfigurationList;
			buildConfigurations = (
				90CA843E28E58042008208D9 /* Debug */,
				90CA843F28E58042008208D9 /* Release */,
			);
			defaultConfigurationIsVisible = 0;
			defaultConfigurationName = Release;
		};
		90CA844028E58042008208D9 /* Build configuration list for PBXNativeTarget "AppMusic" */ = {
			isa = XCConfigurationList;
			buildConfigurations = (
				90CA844128E58042008208D9 /* Debug */,
				90CA844228E58042008208D9 /* Release */,
			);
			defaultConfigurationIsVisible = 0;
			defaultConfigurationName = Release;
		};
		90CA844328E58042008208D9 /* Build configuration list for PBXNativeTarget "AppMusicTests" */ = {
			isa = XCConfigurationList;
			buildConfigurations = (
				90CA844428E58042008208D9 /* Debug */,
				90CA844528E58042008208D9 /* Release */,
			);
			defaultConfigurationIsVisible = 0;
			defaultConfigurationName = Release;
		};
		90CA844628E58042008208D9 /* Build configuration list for PBXNativeTarget "AppMusicUITests" */ = {
			isa = XCConfigurationList;
			buildConfigurations = (
				90CA844728E58042008208D9 /* Debug */,
				90CA844828E58042008208D9 /* Release */,
			);
			defaultConfigurationIsVisible = 0;
			defaultConfigurationName = Release;
		};
/* End XCConfigurationList section */
	};
	rootObject = 90CA840E28E58041008208D9 /* Project object */;
}
